
Microsoft Visual Studio Solution File, Format Version 12.00
# Visual Studio Version 17
VisualStudioVersion = 17.6.33712.159
MinimumVisualStudioVersion = 10.0.40219.1
Project("{F184B08F-C81C-45F6-A57F-5ABD9991F28F}") = "GestionDeVentanas", "GestionDeVentanas\GestionDeVentanas.vbproj", "{AE9BEDA6-D97D-45CC-8A57-09B68A39E9BD}"
EndProject
Global
	GlobalSection(SolutionConfigurationPlatforms) = preSolution
		Debug|Any CPU = Debug|Any CPU
		Release|Any CPU = Release|Any CPU
	EndGlobalSection
	GlobalSection(ProjectConfigurationPlatforms) = postSolution
		{AE9BEDA6-D97D-45CC-8A57-09B68A39E9BD}.Debug|Any CPU.ActiveCfg = Debug|Any CPU
		{AE9BEDA6-D97D-45CC-8A57-09B68A39E9BD}.Debug|Any CPU.Build.0 = Debug|Any CPU
		{AE9BEDA6-D97D-45CC-8A57-09B68A39E9BD}.Release|Any CPU.ActiveCfg = Release|Any CPU
		{AE9BEDA6-D97D-45CC-8A57-09B68A39E9BD}.Release|Any CPU.Build.0 = Release|Any CPU
	EndGlobalSection
	GlobalSection(SolutionProperties) = preSolution
		HideSolutionNode = FALSE
	EndGlobalSection
	GlobalSection(ExtensibilityGlobals) = postSolution
		SolutionGuid = {E0645C64-E35F-4352-810A-9661EA3E5036}
	EndGlobalSection
EndGlobal
